
Microsoft Visual Studio Solution File, Format Version 12.00
# Visual Studio Version 17
VisualStudioVersion = 17.6.33815.320
MinimumVisualStudioVersion = 10.0.40219.1
Project("{9A19103F-16F7-4668-BE54-9A1E7A4F7556}") = "ElasticView.UI", "ElasticView.UI\ElasticView.UI.csproj", "{45CBEA31-135C-4AD0-A79D-292365261B7D}"
EndProject
Project("{9A19103F-16F7-4668-BE54-9A1E7A4F7556}") = "ElasticView.AppService", "ElasticView.AppService\ElasticView.AppService.csproj", "{D2506FFF-1E7C-42B3-AEC1-6943827DC468}"
EndProject
Project("{9A19103F-16F7-4668-BE54-9A1E7A4F7556}") = "ElasticView.AppService.Contracts", "ElasticView.AppService.Contracts\ElasticView.AppService.Contracts.csproj", "{2DC92F7D-10A4-40FA-97F3-7E54F5F35B74}"
EndProject
Project("{9A19103F-16F7-4668-BE54-9A1E7A4F7556}") = "ElasticView.ApiDomain", "ElasticView.ApiDomain\ElasticView.ApiDomain.csproj", "{B0800756-B1F0-4A42-9FEB-3A12CD4A22FA}"
EndProject
Project("{9A19103F-16F7-4668-BE54-9A1E7A4F7556}") = "ElasticView.ApiRepository", "ElasticView.ApiRepository\ElasticView.ApiRepository.csproj", "{FE7EB797-9891-4694-A467-912E8D2CC392}"
EndProject
Project("{54435603-DBB4-11D2-8724-00A0C9A8B90C}") = "ElasticView.Setup", "ElasticView.Setup\ElasticView.Setup.vdproj", "{014041D2-82F2-469F-A337-8D02A469EF93}"
EndProject
Global
	GlobalSection(SolutionConfigurationPlatforms) = preSolution
		Debug|Any CPU = Debug|Any CPU
		Release|Any CPU = Release|Any CPU
	EndGlobalSection
	GlobalSection(ProjectConfigurationPlatforms) = postSolution
		{45CBEA31-135C-4AD0-A79D-292365261B7D}.Debug|Any CPU.ActiveCfg = Debug|Any CPU
		{45CBEA31-135C-4AD0-A79D-292365261B7D}.Debug|Any CPU.Build.0 = Debug|Any CPU
		{45CBEA31-135C-4AD0-A79D-292365261B7D}.Release|Any CPU.ActiveCfg = Release|Any CPU
		{45CBEA31-135C-4AD0-A79D-292365261B7D}.Release|Any CPU.Build.0 = Release|Any CPU
		{D2506FFF-1E7C-42B3-AEC1-6943827DC468}.Debug|Any CPU.ActiveCfg = Debug|Any CPU
		{D2506FFF-1E7C-42B3-AEC1-6943827DC468}.Debug|Any CPU.Build.0 = Debug|Any CPU
		{D2506FFF-1E7C-42B3-AEC1-6943827DC468}.Release|Any CPU.ActiveCfg = Release|Any CPU
		{D2506FFF-1E7C-42B3-AEC1-6943827DC468}.Release|Any CPU.Build.0 = Release|Any CPU
		{2DC92F7D-10A4-40FA-97F3-7E54F5F35B74}.Debug|Any CPU.ActiveCfg = Debug|Any CPU
		{2DC92F7D-10A4-40FA-97F3-7E54F5F35B74}.Debug|Any CPU.Build.0 = Debug|Any CPU
		{2DC92F7D-10A4-40FA-97F3-7E54F5F35B74}.Release|Any CPU.ActiveCfg = Release|Any CPU
		{2DC92F7D-10A4-40FA-97F3-7E54F5F35B74}.Release|Any CPU.Build.0 = Release|Any CPU
		{B0800756-B1F0-4A42-9FEB-3A12CD4A22FA}.Debug|Any CPU.ActiveCfg = Debug|Any CPU
		{B0800756-B1F0-4A42-9FEB-3A12CD4A22FA}.Debug|Any CPU.Build.0 = Debug|Any CPU
		{B0800756-B1F0-4A42-9FEB-3A12CD4A22FA}.Release|Any CPU.ActiveCfg = Release|Any CPU
		{B0800756-B1F0-4A42-9FEB-3A12CD4A22FA}.Release|Any CPU.Build.0 = Release|Any CPU
		{FE7EB797-9891-4694-A467-912E8D2CC392}.Debug|Any CPU.ActiveCfg = Debug|Any CPU
		{FE7EB797-9891-4694-A467-912E8D2CC392}.Debug|Any CPU.Build.0 = Debug|Any CPU
		{FE7EB797-9891-4694-A467-912E8D2CC392}.Release|Any CPU.ActiveCfg = Release|Any CPU
		{FE7EB797-9891-4694-A467-912E8D2CC392}.Release|Any CPU.Build.0 = Release|Any CPU
		{014041D2-82F2-469F-A337-8D02A469EF93}.Debug|Any CPU.ActiveCfg = Debug
		{014041D2-82F2-469F-A337-8D02A469EF93}.Release|Any CPU.ActiveCfg = Release
	EndGlobalSection
	GlobalSection(SolutionProperties) = preSolution
		HideSolutionNode = FALSE
	EndGlobalSection
	GlobalSection(ExtensibilityGlobals) = postSolution
		SolutionGuid = {8109AEB0-7E2B-4324-886E-AA0F1D8F3F84}
	EndGlobalSection
EndGlobal
